# This file is generated by running "yarn install" inside your project.
# Manual changes might be lost - proceed with caution!

__metadata:
  version: 8
  cacheKey: 10c0

"@asamuzakjp/css-color@npm:^5.1.5":
  version: 5.1.11
  resolution: "@asamuzakjp/css-color@npm:5.1.11"
  dependencies:
    "@asamuzakjp/generational-cache": "npm:^1.0.1"
    "@csstools/css-calc": "npm:^3.2.0"
    "@csstools/css-color-parser": "npm:^4.1.0"
    "@csstools/css-parser-algorithms": "npm:^4.0.0"
    "@csstools/css-tokenizer": "npm:^4.0.0"
  checksum: 10c0/32720bdff8daea6a8847aba6cdfae55baa3b4a2690b51d21db7f0382bbd183f3d9f2d5126df50afd889062635684b2819e47113629ee2e80c99389e75f48d060
  languageName: node
  linkType: hard

"@asamuzakjp/dom-selector@npm:^7.0.6":
  version: 7.0.10
  resolution: "@asamuzakjp/dom-selector@npm:7.0.10"
  dependencies:
    "@asamuzakjp/generational-cache": "npm:^1.0.1"
    "@asamuzakjp/nwsapi": "npm:^2.3.9"
    bidi-js: "npm:^1.0.3"
    css-tree: "npm:^3.2.1"
    is-potential-custom-element-name: "npm:^1.0.1"
  checksum: 10c0/7371e376426e24cef4b80abdb4a692eaeef9ccb9f37a73dc2a3ca3ee209320c71a60f5eed155efcefe8a74143c3efaf07b580208d4202c06414daaf8250509a5
  languageName: node
  linkType: hard

"@asamuzakjp/generational-cache@npm:^1.0.1":
  version: 1.0.1
  resolution: "@asamuzakjp/generational-cache@npm:1.0.1"
  checksum: 10c0/1de62de43764e13fca3b9a31b7ea9b1bf0780fe053d266e40378a19ff8c66b543e011e6a0df02d410cd59bf981126706f176cdbb938985165202c4a079fe1057
  languageName: node
  linkType: hard

"@asamuzakjp/nwsapi@npm:^2.3.9":
  version: 2.3.9
  resolution: "@asamuzakjp/nwsapi@npm:2.3.9"
  checksum: 10c0/869b81382e775499c96c45c6dbe0d0766a6da04bcf0abb79f5333535c4e19946851acaa43398f896e2ecc5a1de9cf3db7cf8c4b1afac1ee3d15e21584546d74d
  languageName: node
  linkType: hard

"@bramus/specificity@npm:^2.4.2":
  version: 2.4.2
  resolution: "@bramus/specificity@npm:2.4.2"
  dependencies:
    css-tree: "npm:^3.0.0"
  bin:
    specificity: bin/cli.js
  checksum: 10c0/c5f4e04e0bca0d2202598207a5eb0733c8109d12a68a329caa26373bec598d99db5bb785b8865fefa00fc01b08c6068138807ceb11a948fe15e904ed6cf4ba72
  languageName: node
  linkType: hard

"@csstools/color-helpers@npm:^6.0.2":
  version: 6.0.2
  resolution: "@csstools/color-helpers@npm:6.0.2"
  checksum: 10c0/4c66574563d7c960010c11e41c2673675baff07c427cca6e8dddffa5777de45770d13ff3efce1c0642798089ad55de52870d9d8141f78db3fa5bba012f2d3789
  languageName: node
  linkType: hard

"@csstools/css-calc@npm:^3.2.0":
  version: 3.2.0
  resolution: "@csstools/css-calc@npm:3.2.0"
  peerDependencies:
    "@csstools/css-parser-algorithms": ^4.0.0
    "@csstools/css-tokenizer": ^4.0.0
  checksum: 10c0/a4dffeef3cb8ec9e8c1e44fa68c7634033050be52ea0b56ba6ac3815b635b587c6f3a8f8cd7b8f53881c2dd0ab9ec0af77227c532ed81b8e24a05aa997d22337
  languageName: node
  linkType: hard

"@csstools/css-color-parser@npm:^4.1.0":
  version: 4.1.0
  resolution: "@csstools/css-color-parser@npm:4.1.0"
  dependencies:
    "@csstools/color-helpers": "npm:^6.0.2"
    "@csstools/css-calc": "npm:^3.2.0"
  peerDependencies:
    "@csstools/css-parser-algorithms": ^4.0.0
    "@csstools/css-tokenizer": ^4.0.0
  checksum: 10c0/b5b8a697b4c1b22dd535b4d93b2ffce338d38e587ac1ab20b781c08328bfa99e5f763a99d990983560df543862fa9bd578ee966c18f9d3381c8e33c641d32a0e
  languageName: node
  linkType: hard

"@csstools/css-parser-algorithms@npm:^4.0.0":
  version: 4.0.0
  resolution: "@csstools/css-parser-algorithms@npm:4.0.0"
  peerDependencies:
    "@csstools/css-tokenizer": ^4.0.0
  checksum: 10c0/94558c2428d6ef0ddef542e86e0a8376aa1263a12a59770abb13ba50d7b83086822c75433f32aa2e7fef00555e1cc88292f9ca5bce79aed232bb3fed73b1528d
  languageName: node
  linkType: hard

"@csstools/css-syntax-patches-for-csstree@npm:^1.1.1":
  version: 1.1.3
  resolution: "@csstools/css-syntax-patches-for-csstree@npm:1.1.3"
  peerDependencies:
    css-tree: ^3.2.1
  peerDependenciesMeta:
    css-tree:
      optional: true
  checksum: 10c0/3b8a686710a46bb460f9d560d52ce0de315828e6d452002b692013e95fbf53669d7a71e28c9b6b1333fa9f37f058fad93e5db3b8516444907713cb9aad299ce1
  languageName: node
  linkType: hard

"@csstools/css-tokenizer@npm:^4.0.0":
  version: 4.0.0
  resolution: "@csstools/css-tokenizer@npm:4.0.0"
  checksum: 10c0/669cf3d0f9c8e1ffdf8c9955ad8beba0c8cfe03197fe29a4fcbd9ee6f7a18856cfa42c62670021a75183d9ab37f5d14a866e6a9df753a6c07f59e36797a9ea9f
  languageName: node
  linkType: hard

"@exodus/bytes@npm:^1.11.0, @exodus/bytes@npm:^1.15.0, @exodus/bytes@npm:^1.6.0":
  version: 1.15.0
  resolution: "@exodus/bytes@npm:1.15.0"
  peerDependencies:
    "@noble/hashes": ^1.8.0 || ^2.0.0
  peerDependenciesMeta:
    "@noble/hashes":
      optional: true
  checksum: 10c0/b48aad9729653385d6ed055c28cfcf0b1b1481cf5d83f4375c12abd7988f1d20f69c80b5f95d4a1cc24d9abe32b9efc352a812d53884c26efea172aca8b6356d
  languageName: node
  linkType: hard

"bidi-js@npm:^1.0.3":
  version: 1.0.3
  resolution: "bidi-js@npm:1.0.3"
  dependencies:
    require-from-string: "npm:^2.0.2"
  checksum: 10c0/fdddea4aa4120a34285486f2267526cd9298b6e8b773ad25e765d4f104b6d7437ab4ba542e6939e3ac834a7570bcf121ee2cf6d3ae7cd7082c4b5bedc8f271e1
  languageName: node
  linkType: hard

"css-tree@npm:^3.0.0, css-tree@npm:^3.2.1":
  version: 3.2.1
  resolution: "css-tree@npm:3.2.1"
  dependencies:
    mdn-data: "npm:2.27.1"
    source-map-js: "npm:^1.2.1"
  checksum: 10c0/1f65e9ccaa56112a4706d6f003dd43d777f0dbcf848e66fd320f823192533581f8dd58daa906cb80622658332d50284d6be13b87a6ab4556cbbfe9ef535bbf7e
  languageName: node
  linkType: hard

"data-urls@npm:^7.0.0":
  version: 7.0.0
  resolution: "data-urls@npm:7.0.0"
  dependencies:
    whatwg-mimetype: "npm:^5.0.0"
    whatwg-url: "npm:^16.0.0"
  checksum: 10c0/08d88ef50d8966a070ffdaa703e1e4b29f01bb2da364dfbc1612b1c2a4caa8045802c9532d81347b21781100132addb36a585071c8323b12cce97973961dee9f
  languageName: node
  linkType: hard

"decimal.js@npm:^10.6.0":
  version: 10.6.0
  resolution: "decimal.js@npm:10.6.0"
  checksum: 10c0/07d69fbcc54167a340d2d97de95f546f9ff1f69d2b45a02fd7a5292412df3cd9eb7e23065e532a318f5474a2e1bccf8392fdf0443ef467f97f3bf8cb0477e5aa
  languageName: node
  linkType: hard

"entities@npm:^6.0.0":
  version: 6.0.1
  resolution: "entities@npm:6.0.1"
  checksum: 10c0/ed836ddac5acb34341094eb495185d527bd70e8632b6c0d59548cbfa23defdbae70b96f9a405c82904efa421230b5b3fd2283752447d737beffd3f3e6ee74414
  languageName: node
  linkType: hard

"html-encoding-sniffer@npm:^6.0.0":
  version: 6.0.0
  resolution: "html-encoding-sniffer@npm:6.0.0"
  dependencies:
    "@exodus/bytes": "npm:^1.6.0"
  checksum: 10c0/66dc3f6f5539cc3beb814fcbfae7eacf4ec38cf824d6e1425b72039b51a40f4456bd8541ba66f4f4fe09cdf885ab5cd5bae6ec6339d6895a930b2fdb83c53025
  languageName: node
  linkType: hard

"is-potential-custom-element-name@npm:^1.0.1":
  version: 1.0.1
  resolution: "is-potential-custom-element-name@npm:1.0.1"
  checksum: 10c0/b73e2f22bc863b0939941d369486d308b43d7aef1f9439705e3582bfccaa4516406865e32c968a35f97a99396dac84e2624e67b0a16b0a15086a785e16ce7db9
  languageName: node
  linkType: hard

"jsdom@npm:29.0.2":
  version: 29.0.2
  resolution: "jsdom@npm:29.0.2"
  dependencies:
    "@asamuzakjp/css-color": "npm:^5.1.5"
    "@asamuzakjp/dom-selector": "npm:^7.0.6"
    "@bramus/specificity": "npm:^2.4.2"
    "@csstools/css-syntax-patches-for-csstree": "npm:^1.1.1"
    "@exodus/bytes": "npm:^1.15.0"
    css-tree: "npm:^3.2.1"
    data-urls: "npm:^7.0.0"
    decimal.js: "npm:^10.6.0"
    html-encoding-sniffer: "npm:^6.0.0"
    is-potential-custom-element-name: "npm:^1.0.1"
    lru-cache: "npm:^11.2.7"
    parse5: "npm:^8.0.0"
    saxes: "npm:^6.0.0"
    symbol-tree: "npm:^3.2.4"
    tough-cookie: "npm:^6.0.1"
    undici: "npm:^7.24.5"
    w3c-xmlserializer: "npm:^5.0.0"
    webidl-conversions: "npm:^8.0.1"
    whatwg-mimetype: "npm:^5.0.0"
    whatwg-url: "npm:^16.0.1"
    xml-name-validator: "npm:^5.0.0"
  peerDependencies:
    canvas: ^3.0.0
  peerDependenciesMeta:
    canvas:
      optional: true
  checksum: 10c0/a325324117932de83d13f00c74ff91a5f6b4bbbf11f45e7e31189fea06d007f764aac286dad80f643430c81b618b9fb20eac1ef03f120cec4c68df271e7547e2
  languageName: node
  linkType: hard

"lru-cache@npm:^11.2.7":
  version: 11.3.5
  resolution: "lru-cache@npm:11.3.5"
  checksum: 10c0/5b54ef7b88afb4bd25b7a778f1b2b1cde32d9770913e530da34ab203cf0442413bcaa6e372800cbab9562557a4480e4d8bf32e3a368bb5a91b12218eca085c66
  languageName: node
  linkType: hard

"lssd@workspace:.":
  version: 0.0.0-use.local
  resolution: "lssd@workspace:."
  dependencies:
    jsdom: "npm:29.0.2"
    prettier: "npm:^3.8.3"
  languageName: unknown
  linkType: soft

"mdn-data@npm:2.27.1":
  version: 2.27.1
  resolution: "mdn-data@npm:2.27.1"
  checksum: 10c0/eb8abf5d22e4d1e090346f5e81b67d23cef14c83940e445da5c44541ad874dc8fb9f6ca236e8258c3a489d9fb5884188a4d7d58773adb9089ac2c0b966796393
  languageName: node
  linkType: hard

"parse5@npm:^8.0.0":
  version: 8.0.0
  resolution: "parse5@npm:8.0.0"
  dependencies:
    entities: "npm:^6.0.0"
  checksum: 10c0/8279892dcd77b2f2229707f60eb039e303adf0288812b2a8fd5acf506a4d432da833c6c5d07a6554bef722c2367a81ef4a1f7e9336564379a7dba3e798bf16b3
  languageName: node
  linkType: hard

"prettier@npm:^3.8.3":
  version: 3.8.3
  resolution: "prettier@npm:3.8.3"
  bin:
    prettier: bin/prettier.cjs
  checksum: 10c0/754816fd7593eb80f6376d7476d463e832c38a12f32775a82683adb6e35b772b1f484d65f19401507b983a8c8a7cd5a4a9f12006bd56491e8f35503473f77473
  languageName: node
  linkType: hard

"punycode@npm:^2.3.1":
  version: 2.3.1
  resolution: "punycode@npm:2.3.1"
  checksum: 10c0/14f76a8206bc3464f794fb2e3d3cc665ae416c01893ad7a02b23766eb07159144ee612ad67af5e84fa4479ccfe67678c4feb126b0485651b302babf66f04f9e9
  languageName: node
  linkType: hard

"require-from-string@npm:^2.0.2":
  version: 2.0.2
  resolution: "require-from-string@npm:2.0.2"
  checksum: 10c0/aaa267e0c5b022fc5fd4eef49d8285086b15f2a1c54b28240fdf03599cbd9c26049fee3eab894f2e1f6ca65e513b030a7c264201e3f005601e80c49fb2937ce2
  languageName: node
  linkType: hard

"saxes@npm:^6.0.0":
  version: 6.0.0
  resolution: "saxes@npm:6.0.0"
  dependencies:
    xmlchars: "npm:^2.2.0"
  checksum: 10c0/3847b839f060ef3476eb8623d099aa502ad658f5c40fd60c105ebce86d244389b0d76fcae30f4d0c728d7705ceb2f7e9b34bb54717b6a7dbedaf5dad2d9a4b74
  languageName: node
  linkType: hard

"source-map-js@npm:^1.2.1":
  version: 1.2.1
  resolution: "source-map-js@npm:1.2.1"
  checksum: 10c0/7bda1fc4c197e3c6ff17de1b8b2c20e60af81b63a52cb32ec5a5d67a20a7d42651e2cb34ebe93833c5a2a084377e17455854fee3e21e7925c64a51b6a52b0faf
  languageName: node
  linkType: hard

"symbol-tree@npm:^3.2.4":
  version: 3.2.4
  resolution: "symbol-tree@npm:3.2.4"
  checksum: 10c0/dfbe201ae09ac6053d163578778c53aa860a784147ecf95705de0cd23f42c851e1be7889241495e95c37cabb058edb1052f141387bef68f705afc8f9dd358509
  languageName: node
  linkType: hard

"tldts-core@npm:^7.0.28":
  version: 7.0.28
  resolution: "tldts-core@npm:7.0.28"
  checksum: 10c0/1fde2a2806c758d13c7eb2bd285a9482bf905829b38c060d66127e9e0682a103c42e181509f0d3c6da046e9aa2f71fe9d61afadb1b85a6b6c557cb98d6b7dede
  languageName: node
  linkType: hard

"tldts@npm:^7.0.5":
  version: 7.0.28
  resolution: "tldts@npm:7.0.28"
  dependencies:
    tldts-core: "npm:^7.0.28"
  bin:
    tldts: bin/cli.js
  checksum: 10c0/37f92481bc7276f60f06d93d2671a67fd94dc8e245c232a50c69b8704d34c908658968f7298810e1b4df68a84be9ff6248867981d1cc7ddb08755565edd3f496
  languageName: node
  linkType: hard

"tough-cookie@npm:^6.0.1":
  version: 6.0.1
  resolution: "tough-cookie@npm:6.0.1"
  dependencies:
    tldts: "npm:^7.0.5"
  checksum: 10c0/ec70bd6b1215efe4ed31a158f0be3e4c9088fcbd8620edc23a5860d4f3d85c757b77e274baaa700f7b25e409f4181552ed189603c2b2e1a9f88104da3a61a37d
  languageName: node
  linkType: hard

"tr46@npm:^6.0.0":
  version: 6.0.0
  resolution: "tr46@npm:6.0.0"
  dependencies:
    punycode: "npm:^2.3.1"
  checksum: 10c0/83130df2f649228aa91c17754b66248030a3af34911d713b5ea417066fa338aa4bc8668d06bd98aa21a2210f43fc0a3db8b9099e7747fb5830e40e39a6a1058e
  languageName: node
  linkType: hard

"undici@npm:^7.24.5":
  version: 7.25.0
  resolution: "undici@npm:7.25.0"
  checksum: 10c0/02a0b45dc14eb91bc488948750232450fe52f27a6b08086d6ac6736bb47908d600fe3a96d346f12eab24729c782e5c2f693bc8e8eca6696d4e4c09b1ed4cb4ec
  languageName: node
  linkType: hard

"w3c-xmlserializer@npm:^5.0.0":
  version: 5.0.0
  resolution: "w3c-xmlserializer@npm:5.0.0"
  dependencies:
    xml-name-validator: "npm:^5.0.0"
  checksum: 10c0/8712774c1aeb62dec22928bf1cdfd11426c2c9383a1a63f2bcae18db87ca574165a0fbe96b312b73652149167ac6c7f4cf5409f2eb101d9c805efe0e4bae798b
  languageName: node
  linkType: hard

"webidl-conversions@npm:^8.0.1":
  version: 8.0.1
  resolution: "webidl-conversions@npm:8.0.1"
  checksum: 10c0/3f6f327ca5fa0c065ed8ed0ef3b72f33623376e68f958e9b7bd0df49fdb0b908139ac2338d19fb45bd0e05595bda96cb6d1622222a8b413daa38a17aacc4dd46
  languageName: node
  linkType: hard

"whatwg-mimetype@npm:^5.0.0":
  version: 5.0.0
  resolution: "whatwg-mimetype@npm:5.0.0"
  checksum: 10c0/eead164fe73a00dd82f817af6fc0bd22e9c273e1d55bf4bc6bdf2da7ad8127fca82ef00ea6a37892f5f5641f8e34128e09508f92126086baba126b9e0d57feb4
  languageName: node
  linkType: hard

"whatwg-url@npm:^16.0.0, whatwg-url@npm:^16.0.1":
  version: 16.0.1
  resolution: "whatwg-url@npm:16.0.1"
  dependencies:
    "@exodus/bytes": "npm:^1.11.0"
    tr46: "npm:^6.0.0"
    webidl-conversions: "npm:^8.0.1"
  checksum: 10c0/e75565566abf3a2cdbd9f06c965dbcccee6ec4e9f0d3728ad5e08ceb9944279848bcaa211d35a29cb6d2df1e467dd05cfb59fbddf8a0adcd7d0bce9ffb703fd2
  languageName: node
  linkType: hard

"xml-name-validator@npm:^5.0.0":
  version: 5.0.0
  resolution: "xml-name-validator@npm:5.0.0"
  checksum: 10c0/3fcf44e7b73fb18be917fdd4ccffff3639373c7cb83f8fc35df6001fecba7942f1dbead29d91ebb8315e2f2ff786b508f0c9dc0215b6353f9983c6b7d62cb1f5
  languageName: node
  linkType: hard

"xmlchars@npm:^2.2.0":
  version: 2.2.0
  resolution: "xmlchars@npm:2.2.0"
  checksum: 10c0/b64b535861a6f310c5d9bfa10834cf49127c71922c297da9d4d1b45eeaae40bf9b4363275876088fbe2667e5db028d2cd4f8ee72eed9bede840a67d57dab7593
  languageName: node
  linkType: hard
