# This file is generated by running "yarn install" inside your project.
# Manual changes might be lost - proceed with caution!

__metadata:
  version: 10
  cacheKey: 10c0

"@asamuzakjp/css-color@npm:^7.0.0":
  version: 7.0.1
  resolution: "@asamuzakjp/css-color@npm:7.0.1"
  dependencies:
    "@csstools/css-calc": "npm:^3.4.0"
    "@csstools/css-color-parser": "npm:^4.2.3"
    "@csstools/css-parser-algorithms": "npm:^4.0.0"
    "@csstools/css-tokenizer": "npm:^4.0.1"
    lru-cache: "npm:^11.5.3"
  checksum: 10c0/d59e64a92021e93a3b480cdccddc7b0478d6089b7a0c45c97327f3102b90f3d00b7444dc3658244ff46acac7410b89a32a4467a874f435a90ee5c3f9370edc6e
  languageName: node
  linkType: hard

"@asamuzakjp/dom-selector@npm:^9.2.1":
  version: 9.2.1
  resolution: "@asamuzakjp/dom-selector@npm:9.2.1"
  dependencies:
    bidi-js: "npm:^1.1.0"
    css-tree: "npm:^3.2.1"
    is-potential-custom-element-name: "npm:^1.0.1"
    lru-cache: "npm:^11.5.3"
  checksum: 10c0/229a059f41799128deda69a4cdeb550bda528093a5f3b7d93a2e07a7a5afe5fc77eeb1e2268eacc2c2ad24ae2237c1fc8ef8896997ffc24b1d81310acb2db766
  languageName: node
  linkType: hard

"@bramus/specificity@npm:^2.4.2":
  version: 2.4.2
  resolution: "@bramus/specificity@npm:2.4.2"
  dependencies:
    css-tree: "npm:^3.0.0"
  bin:
    specificity: bin/cli.js
  checksum: 10c0/c5f4e04e0bca0d2202598207a5eb0733c8109d12a68a329caa26373bec598d99db5bb785b8865fefa00fc01b08c6068138807ceb11a948fe15e904ed6cf4ba72
  languageName: node
  linkType: hard

"@csstools/color-helpers@npm:^6.1.1":
  version: 6.1.1
  resolution: "@csstools/color-helpers@npm:6.1.1"
  checksum: 10c0/12161196c25f542250ca81f376171082d276a5aefa0feaaccc5b469d4478600695116b789f938134238e69c7ab01fb7e9a86b1c8a182fa4b4bef1f6b16359947
  languageName: node
  linkType: hard

"@csstools/css-calc@npm:^3.4.0":
  version: 3.4.0
  resolution: "@csstools/css-calc@npm:3.4.0"
  peerDependencies:
    "@csstools/css-parser-algorithms": ^4.0.0
    "@csstools/css-tokenizer": ^4.0.0
  checksum: 10c0/e66fc6767b6536a0b6491dad19354af414721e9cdc49f76a1f044b2a0c8f6a7bb5ea38294155c1068060ce9caf0e750e16043b79a646a7dff87ada80e602091b
  languageName: node
  linkType: hard

"@csstools/css-color-parser@npm:^4.2.3":
  version: 4.2.3
  resolution: "@csstools/css-color-parser@npm:4.2.3"
  dependencies:
    "@csstools/color-helpers": "npm:^6.1.1"
    "@csstools/css-calc": "npm:^3.4.0"
  peerDependencies:
    "@csstools/css-parser-algorithms": ^4.0.0
    "@csstools/css-tokenizer": ^4.0.0
  checksum: 10c0/272be4e32bc4e807d8b4f05c854acba716a4470c203146c6f527e1ec8f3176d17f7f506b6671fcfea2cff7238b120d20067f1efddc81caee13336b7ebe240859
  languageName: node
  linkType: hard

"@csstools/css-parser-algorithms@npm:^4.0.0":
  version: 4.0.0
  resolution: "@csstools/css-parser-algorithms@npm:4.0.0"
  peerDependencies:
    "@csstools/css-tokenizer": ^4.0.0
  checksum: 10c0/94558c2428d6ef0ddef542e86e0a8376aa1263a12a59770abb13ba50d7b83086822c75433f32aa2e7fef00555e1cc88292f9ca5bce79aed232bb3fed73b1528d
  languageName: node
  linkType: hard

"@csstools/css-syntax-patches-for-csstree@npm:^1.1.13":
  version: 1.1.14
  resolution: "@csstools/css-syntax-patches-for-csstree@npm:1.1.14"
  peerDependencies:
    css-tree: ^3.2.1
  peerDependenciesMeta:
    css-tree:
      optional: true
  checksum: 10c0/526a3866c2eb171bf2ee95403f28116655174bdfaa1fd786fbd59863212e3dde99614a11cdbd7fa13d219f86379d7d1211de75c07e4afa7937da3c8c1450b2da
  languageName: node
  linkType: hard

"@csstools/css-tokenizer@npm:^4.0.1":
  version: 4.0.1
  resolution: "@csstools/css-tokenizer@npm:4.0.1"
  checksum: 10c0/9e2df38b453958502739e63df26540083d1a87d9ce3c93e130f30a29ce0fc2dcc777bffbd03cd4ba05b9de7dd547699c7d1330efe3589b830a130c95ee04fa5e
  languageName: node
  linkType: hard

"@exodus/bytes@npm:^1.11.0":
  version: 1.15.0
  resolution: "@exodus/bytes@npm:1.15.0"
  peerDependencies:
    "@noble/hashes": ^1.8.0 || ^2.0.0
  peerDependenciesMeta:
    "@noble/hashes":
      optional: true
  checksum: 10c0/b48aad9729653385d6ed055c28cfcf0b1b1481cf5d83f4375c12abd7988f1d20f69c80b5f95d4a1cc24d9abe32b9efc352a812d53884c26efea172aca8b6356d
  languageName: node
  linkType: hard

"@exodus/bytes@npm:^1.15.1":
  version: 1.15.1
  resolution: "@exodus/bytes@npm:1.15.1"
  peerDependencies:
    "@noble/hashes": ^1.8.0 || ^2.0.0
  peerDependenciesMeta:
    "@noble/hashes":
      optional: true
  checksum: 10c0/333056a6953bbf875d9f3b86c32314de29458d842e5f56f6ef8034b18c2d9660184550093d1bae5de0064043d5e23f54cc03148798d9d29cf5167ac03f2e9f8c
  languageName: node
  linkType: hard

"bidi-js@npm:^1.1.0":
  version: 1.1.0
  resolution: "bidi-js@npm:1.1.0"
  dependencies:
    require-from-string: "npm:^2.0.2"
  checksum: 10c0/b608addec6bd6e5d1c0cc7b6116002d589c6e666966503aca2aa7b2f61717ecaaeb0ac1a16c1374d61ee757de4f2f24017312a70781f5c4b127ffab54a2f7187
  languageName: node
  linkType: hard

"css-tree@npm:^3.0.0, css-tree@npm:^3.2.1":
  version: 3.2.1
  resolution: "css-tree@npm:3.2.1"
  dependencies:
    mdn-data: "npm:2.27.1"
    source-map-js: "npm:^1.2.1"
  checksum: 10c0/1f65e9ccaa56112a4706d6f003dd43d777f0dbcf848e66fd320f823192533581f8dd58daa906cb80622658332d50284d6be13b87a6ab4556cbbfe9ef535bbf7e
  languageName: node
  linkType: hard

"data-urls@npm:^7.0.0":
  version: 7.0.0
  resolution: "data-urls@npm:7.0.0"
  dependencies:
    whatwg-mimetype: "npm:^5.0.0"
    whatwg-url: "npm:^16.0.0"
  checksum: 10c0/08d88ef50d8966a070ffdaa703e1e4b29f01bb2da364dfbc1612b1c2a4caa8045802c9532d81347b21781100132addb36a585071c8323b12cce97973961dee9f
  languageName: node
  linkType: hard

"decimal.js@npm:^10.6.0":
  version: 10.6.0
  resolution: "decimal.js@npm:10.6.0"
  checksum: 10c0/07d69fbcc54167a340d2d97de95f546f9ff1f69d2b45a02fd7a5292412df3cd9eb7e23065e532a318f5474a2e1bccf8392fdf0443ef467f97f3bf8cb0477e5aa
  languageName: node
  linkType: hard

"entities@npm:^8.0.0":
  version: 8.0.0
  resolution: "entities@npm:8.0.0"
  checksum: 10c0/938e631664c19451823344a351aeeafd74fae2d5fa51e4d5b6ff635afaefd4bacf0f609989888c04c42733f46ffdac15211608267ebb02488005891a4793e94d
  languageName: node
  linkType: hard

"html-encoding-sniffer@npm:^7.0.0":
  version: 7.0.0
  resolution: "html-encoding-sniffer@npm:7.0.0"
  dependencies:
    "@exodus/bytes": "npm:^1.15.1"
  checksum: 10c0/0dbe7814b40cf50d4101548172df79bdea841bf0113cb016e78121519460d1f195c05336a59e889aa93878dfe9ac52ed5ac09dd14dc6dc4adf0f7507615f2594
  languageName: node
  linkType: hard

"is-potential-custom-element-name@npm:^1.0.1":
  version: 1.0.1
  resolution: "is-potential-custom-element-name@npm:1.0.1"
  checksum: 10c0/b73e2f22bc863b0939941d369486d308b43d7aef1f9439705e3582bfccaa4516406865e32c968a35f97a99396dac84e2624e67b0a16b0a15086a785e16ce7db9
  languageName: node
  linkType: hard

"jsdom@npm:30.1.1":
  version: 30.1.1
  resolution: "jsdom@npm:30.1.1"
  dependencies:
    "@asamuzakjp/css-color": "npm:^7.0.0"
    "@asamuzakjp/dom-selector": "npm:^9.2.1"
    "@bramus/specificity": "npm:^2.4.2"
    "@csstools/css-syntax-patches-for-csstree": "npm:^1.1.13"
    "@exodus/bytes": "npm:^1.15.1"
    css-tree: "npm:^3.2.1"
    data-urls: "npm:^7.0.0"
    decimal.js: "npm:^10.6.0"
    html-encoding-sniffer: "npm:^7.0.0"
    is-potential-custom-element-name: "npm:^1.0.1"
    lru-cache: "npm:^11.5.2"
    parse5: "npm:^8.0.1"
    saxes: "npm:^6.0.0"
    tough-cookie: "npm:^6.0.2"
    undici: "npm:^8.10.2"
    w3c-xmlserializer: "npm:^6.0.0"
    webidl-conversions: "npm:^8.0.1"
    whatwg-mimetype: "npm:^5.0.0"
    whatwg-url: "npm:^17.1.1"
    xml-name-validator: "npm:^5.0.0"
  peerDependencies:
    canvas: ^3.2.3
  peerDependenciesMeta:
    canvas:
      optional: true
  checksum: 10c0/f800ba21e9a8215a8dd7ca9bd50e642ed0ca8714f94cf9e8c0d0909018606a93148e35341f4a2725cccefa622647313fae56a189ab533f05198e2bca4f693e5d
  languageName: node
  linkType: hard

"lru-cache@npm:^11.5.2":
  version: 11.5.2
  resolution: "lru-cache@npm:11.5.2"
  checksum: 10c0/ece1ad731f5b655e85d67047d04bfc13823dc77aa61c5454924a9869ba600a0104e39cc33d726021feef812bc347ca34a5608a5eb1972a5dd0870b7ecd42c3f2
  languageName: node
  linkType: hard

"lru-cache@npm:^11.5.3":
  version: 11.5.3
  resolution: "lru-cache@npm:11.5.3"
  checksum: 10c0/2ad9bce6343a3544a1fd15364d8b35609aa52b2593d21fdc4877cabfe003b0f3deca4f9d6e9d13262f06e9e3d159de45c0a2f3edfc3adb46192333b5f146d8ed
  languageName: node
  linkType: hard

"lssd@workspace:.":
  version: 0.0.0-use.local
  resolution: "lssd@workspace:."
  dependencies:
    jsdom: "npm:30.1.1"
    prettier: "npm:^3.9.6"
  languageName: unknown
  linkType: soft

"mdn-data@npm:2.27.1":
  version: 2.27.1
  resolution: "mdn-data@npm:2.27.1"
  checksum: 10c0/eb8abf5d22e4d1e090346f5e81b67d23cef14c83940e445da5c44541ad874dc8fb9f6ca236e8258c3a489d9fb5884188a4d7d58773adb9089ac2c0b966796393
  languageName: node
  linkType: hard

"parse5@npm:^8.0.1":
  version: 8.0.1
  resolution: "parse5@npm:8.0.1"
  dependencies:
    entities: "npm:^8.0.0"
  checksum: 10c0/c3c1c5aab55f6e4be5245599790e56e64be7764a4a0edd7f98db4fe3bb380f63add752fa047dff0496446c25f4104f0c7c1967723de640bde92306a7bb67ed2f
  languageName: node
  linkType: hard

"prettier@npm:^3.9.6":
  version: 3.9.6
  resolution: "prettier@npm:3.9.6"
  bin:
    prettier: bin/prettier.cjs
  checksum: 10c0/9f7ddae234035868f3daab3dc34e6de7e54622185afb017378029f0c09a9c023248ccf6f34def0b17a0538e18c47aa1b3188bab72965d1bf735919baa0747e99
  languageName: node
  linkType: hard

"punycode@npm:^2.3.1":
  version: 2.3.1
  resolution: "punycode@npm:2.3.1"
  checksum: 10c0/14f76a8206bc3464f794fb2e3d3cc665ae416c01893ad7a02b23766eb07159144ee612ad67af5e84fa4479ccfe67678c4feb126b0485651b302babf66f04f9e9
  languageName: node
  linkType: hard

"require-from-string@npm:^2.0.2":
  version: 2.0.2
  resolution: "require-from-string@npm:2.0.2"
  checksum: 10c0/aaa267e0c5b022fc5fd4eef49d8285086b15f2a1c54b28240fdf03599cbd9c26049fee3eab894f2e1f6ca65e513b030a7c264201e3f005601e80c49fb2937ce2
  languageName: node
  linkType: hard

"saxes@npm:^6.0.0":
  version: 6.0.0
  resolution: "saxes@npm:6.0.0"
  dependencies:
    xmlchars: "npm:^2.2.0"
  checksum: 10c0/3847b839f060ef3476eb8623d099aa502ad658f5c40fd60c105ebce86d244389b0d76fcae30f4d0c728d7705ceb2f7e9b34bb54717b6a7dbedaf5dad2d9a4b74
  languageName: node
  linkType: hard

"source-map-js@npm:^1.2.1":
  version: 1.2.1
  resolution: "source-map-js@npm:1.2.1"
  checksum: 10c0/7bda1fc4c197e3c6ff17de1b8b2c20e60af81b63a52cb32ec5a5d67a20a7d42651e2cb34ebe93833c5a2a084377e17455854fee3e21e7925c64a51b6a52b0faf
  languageName: node
  linkType: hard

"tldts-core@npm:^7.0.28":
  version: 7.0.28
  resolution: "tldts-core@npm:7.0.28"
  checksum: 10c0/1fde2a2806c758d13c7eb2bd285a9482bf905829b38c060d66127e9e0682a103c42e181509f0d3c6da046e9aa2f71fe9d61afadb1b85a6b6c557cb98d6b7dede
  languageName: node
  linkType: hard

"tldts@npm:^7.0.5":
  version: 7.0.28
  resolution: "tldts@npm:7.0.28"
  dependencies:
    tldts-core: "npm:^7.0.28"
  bin:
    tldts: bin/cli.js
  checksum: 10c0/37f92481bc7276f60f06d93d2671a67fd94dc8e245c232a50c69b8704d34c908658968f7298810e1b4df68a84be9ff6248867981d1cc7ddb08755565edd3f496
  languageName: node
  linkType: hard

"tough-cookie@npm:^6.0.2":
  version: 6.0.2
  resolution: "tough-cookie@npm:6.0.2"
  dependencies:
    tldts: "npm:^7.0.5"
  checksum: 10c0/5ff521a476a3c540821352125a5d481c8d2fe16035de7e0efda4df120f290c95500a0e9b51ea0aa56343955be482e014c30f5ba73e04b93ba138e4e855cb9e89
  languageName: node
  linkType: hard

"tr46@npm:^6.0.0":
  version: 6.0.0
  resolution: "tr46@npm:6.0.0"
  dependencies:
    punycode: "npm:^2.3.1"
  checksum: 10c0/83130df2f649228aa91c17754b66248030a3af34911d713b5ea417066fa338aa4bc8668d06bd98aa21a2210f43fc0a3db8b9099e7747fb5830e40e39a6a1058e
  languageName: node
  linkType: hard

"undici@npm:^8.10.2":
  version: 8.11.0
  resolution: "undici@npm:8.11.0"
  checksum: 10c0/a6a0d8da384d88dc9780fdb03f099d17fc06d1085854214c4e8ab5c69c4731778c5207fa62b54170327afa21e0d412665bd4e40683122bcbcbf9075801c75cb3
  languageName: node
  linkType: hard

"w3c-xmlserializer@npm:^6.0.0":
  version: 6.0.0
  resolution: "w3c-xmlserializer@npm:6.0.0"
  dependencies:
    xml-name-validator: "npm:^5.0.0"
  checksum: 10c0/8feacd426cafa6b07ed2fee132f0074d62217935c3718134dadb1a2cf2d3b8c481edd44155af192a002c5a4c4d5c3bdecbfcd808afcfde5ab0b350bd8b830556
  languageName: node
  linkType: hard

"webidl-conversions@npm:^8.0.1":
  version: 8.0.1
  resolution: "webidl-conversions@npm:8.0.1"
  checksum: 10c0/3f6f327ca5fa0c065ed8ed0ef3b72f33623376e68f958e9b7bd0df49fdb0b908139ac2338d19fb45bd0e05595bda96cb6d1622222a8b413daa38a17aacc4dd46
  languageName: node
  linkType: hard

"whatwg-mimetype@npm:^5.0.0":
  version: 5.0.0
  resolution: "whatwg-mimetype@npm:5.0.0"
  checksum: 10c0/eead164fe73a00dd82f817af6fc0bd22e9c273e1d55bf4bc6bdf2da7ad8127fca82ef00ea6a37892f5f5641f8e34128e09508f92126086baba126b9e0d57feb4
  languageName: node
  linkType: hard

"whatwg-url@npm:^16.0.0":
  version: 16.0.1
  resolution: "whatwg-url@npm:16.0.1"
  dependencies:
    "@exodus/bytes": "npm:^1.11.0"
    tr46: "npm:^6.0.0"
    webidl-conversions: "npm:^8.0.1"
  checksum: 10c0/e75565566abf3a2cdbd9f06c965dbcccee6ec4e9f0d3728ad5e08ceb9944279848bcaa211d35a29cb6d2df1e467dd05cfb59fbddf8a0adcd7d0bce9ffb703fd2
  languageName: node
  linkType: hard

"whatwg-url@npm:^17.1.1":
  version: 17.1.2
  resolution: "whatwg-url@npm:17.1.2"
  dependencies:
    "@exodus/bytes": "npm:^1.15.1"
    tr46: "npm:^6.0.0"
    webidl-conversions: "npm:^8.0.1"
  checksum: 10c0/26304b1d140de1773c9c5b1bdfed7dd5804801ca5cdcd9ce608f52356fd6e3c4271bf49029d430f3bbd29eebff2a17a92c129c4b15659ea2c11016a14f65b587
  languageName: node
  linkType: hard

"xml-name-validator@npm:^5.0.0":
  version: 5.0.0
  resolution: "xml-name-validator@npm:5.0.0"
  checksum: 10c0/3fcf44e7b73fb18be917fdd4ccffff3639373c7cb83f8fc35df6001fecba7942f1dbead29d91ebb8315e2f2ff786b508f0c9dc0215b6353f9983c6b7d62cb1f5
  languageName: node
  linkType: hard

"xmlchars@npm:^2.2.0":
  version: 2.2.0
  resolution: "xmlchars@npm:2.2.0"
  checksum: 10c0/b64b535861a6f310c5d9bfa10834cf49127c71922c297da9d4d1b45eeaae40bf9b4363275876088fbe2667e5db028d2cd4f8ee72eed9bede840a67d57dab7593
  languageName: node
  linkType: hard
