# This file is generated by running "yarn install" inside your project.
# Manual changes might be lost - proceed with caution!

__metadata:
  version: 10
  cacheKey: 10c0

"@asamuzakjp/css-color@npm:^6.0.5":
  version: 6.0.5
  resolution: "@asamuzakjp/css-color@npm:6.0.5"
  dependencies:
    "@csstools/css-calc": "npm:^3.2.1"
    "@csstools/css-color-parser": "npm:^4.1.9"
    "@csstools/css-parser-algorithms": "npm:^4.0.0"
    "@csstools/css-tokenizer": "npm:^4.0.0"
    lru-cache: "npm:^11.5.2"
  checksum: 10c0/c08cc6bcea92c5e04fac208fbdbd125ed89e0eeca258df48819878347c75f90c3eb3a52940049fcb580ac9afe83c1d6bbf4e4caee0f8c2655cf47286f6ce3f09
  languageName: node
  linkType: hard

"@asamuzakjp/dom-selector@npm:^8.2.5":
  version: 8.3.0
  resolution: "@asamuzakjp/dom-selector@npm:8.3.0"
  dependencies:
    bidi-js: "npm:^1.0.3"
    css-tree: "npm:^3.2.1"
    is-potential-custom-element-name: "npm:^1.0.1"
    lru-cache: "npm:^11.5.2"
  checksum: 10c0/3f541cb7dd4ab1c6762802c0c908487ddbf5a2434b3ddf91b145c84272f0110fa6b02fc9baf879aa5bc3c2968dc702fdbaadfa3b58ee5f42645cb0e2949cbbf6
  languageName: node
  linkType: hard

"@bramus/specificity@npm:^2.4.2":
  version: 2.4.2
  resolution: "@bramus/specificity@npm:2.4.2"
  dependencies:
    css-tree: "npm:^3.0.0"
  bin:
    specificity: bin/cli.js
  checksum: 10c0/c5f4e04e0bca0d2202598207a5eb0733c8109d12a68a329caa26373bec598d99db5bb785b8865fefa00fc01b08c6068138807ceb11a948fe15e904ed6cf4ba72
  languageName: node
  linkType: hard

"@csstools/color-helpers@npm:^6.1.0":
  version: 6.1.0
  resolution: "@csstools/color-helpers@npm:6.1.0"
  checksum: 10c0/ebb71eebcd6dde16a89d687c30d4c7f315f9079ec803497ebac0528d0a9ef09847eaf167b4565c4919f156e32e7ca2167199ac2d2020f184f7888551a3b4712b
  languageName: node
  linkType: hard

"@csstools/css-calc@npm:^3.2.1, @csstools/css-calc@npm:^3.3.0":
  version: 3.3.0
  resolution: "@csstools/css-calc@npm:3.3.0"
  peerDependencies:
    "@csstools/css-parser-algorithms": ^4.0.0
    "@csstools/css-tokenizer": ^4.0.0
  checksum: 10c0/83157b9fbf3599dfff2338ac40e7eec0884d1d729b9ca4a949af3c2da55d14368b2ac70ff4f659fc1ec6801a48c9225f2211a8be987678aadf6795dbebe5a2da
  languageName: node
  linkType: hard

"@csstools/css-color-parser@npm:^4.1.9":
  version: 4.1.10
  resolution: "@csstools/css-color-parser@npm:4.1.10"
  dependencies:
    "@csstools/color-helpers": "npm:^6.1.0"
    "@csstools/css-calc": "npm:^3.3.0"
  peerDependencies:
    "@csstools/css-parser-algorithms": ^4.0.0
    "@csstools/css-tokenizer": ^4.0.0
  checksum: 10c0/d8fe23036f8d9cdbb9fc99f09e2803a74c280c511ccf25c4990f4913c0e23c7687138a85c8c27eeec509c2e3aa72957b8c328ce295d3faaa16cb8fd4b4ede122
  languageName: node
  linkType: hard

"@csstools/css-parser-algorithms@npm:^4.0.0":
  version: 4.0.0
  resolution: "@csstools/css-parser-algorithms@npm:4.0.0"
  peerDependencies:
    "@csstools/css-tokenizer": ^4.0.0
  checksum: 10c0/94558c2428d6ef0ddef542e86e0a8376aa1263a12a59770abb13ba50d7b83086822c75433f32aa2e7fef00555e1cc88292f9ca5bce79aed232bb3fed73b1528d
  languageName: node
  linkType: hard

"@csstools/css-syntax-patches-for-csstree@npm:^1.1.6":
  version: 1.1.7
  resolution: "@csstools/css-syntax-patches-for-csstree@npm:1.1.7"
  peerDependencies:
    css-tree: ^3.2.1
  peerDependenciesMeta:
    css-tree:
      optional: true
  checksum: 10c0/cdebc36196f951f4436132f5346927c8aeff2917a1c2af42ad36eb87a2b1883c8cd21cb6b3105e951ae0fa964d2ebda6309bae476d232d27f0ec657199df6bb6
  languageName: node
  linkType: hard

"@csstools/css-tokenizer@npm:^4.0.0":
  version: 4.0.0
  resolution: "@csstools/css-tokenizer@npm:4.0.0"
  checksum: 10c0/669cf3d0f9c8e1ffdf8c9955ad8beba0c8cfe03197fe29a4fcbd9ee6f7a18856cfa42c62670021a75183d9ab37f5d14a866e6a9df753a6c07f59e36797a9ea9f
  languageName: node
  linkType: hard

"@exodus/bytes@npm:^1.11.0, @exodus/bytes@npm:^1.6.0":
  version: 1.15.0
  resolution: "@exodus/bytes@npm:1.15.0"
  peerDependencies:
    "@noble/hashes": ^1.8.0 || ^2.0.0
  peerDependenciesMeta:
    "@noble/hashes":
      optional: true
  checksum: 10c0/b48aad9729653385d6ed055c28cfcf0b1b1481cf5d83f4375c12abd7988f1d20f69c80b5f95d4a1cc24d9abe32b9efc352a812d53884c26efea172aca8b6356d
  languageName: node
  linkType: hard

"@exodus/bytes@npm:^1.15.1":
  version: 1.15.1
  resolution: "@exodus/bytes@npm:1.15.1"
  peerDependencies:
    "@noble/hashes": ^1.8.0 || ^2.0.0
  peerDependenciesMeta:
    "@noble/hashes":
      optional: true
  checksum: 10c0/333056a6953bbf875d9f3b86c32314de29458d842e5f56f6ef8034b18c2d9660184550093d1bae5de0064043d5e23f54cc03148798d9d29cf5167ac03f2e9f8c
  languageName: node
  linkType: hard

"bidi-js@npm:^1.0.3":
  version: 1.0.3
  resolution: "bidi-js@npm:1.0.3"
  dependencies:
    require-from-string: "npm:^2.0.2"
  checksum: 10c0/fdddea4aa4120a34285486f2267526cd9298b6e8b773ad25e765d4f104b6d7437ab4ba542e6939e3ac834a7570bcf121ee2cf6d3ae7cd7082c4b5bedc8f271e1
  languageName: node
  linkType: hard

"css-tree@npm:^3.0.0, css-tree@npm:^3.2.1":
  version: 3.2.1
  resolution: "css-tree@npm:3.2.1"
  dependencies:
    mdn-data: "npm:2.27.1"
    source-map-js: "npm:^1.2.1"
  checksum: 10c0/1f65e9ccaa56112a4706d6f003dd43d777f0dbcf848e66fd320f823192533581f8dd58daa906cb80622658332d50284d6be13b87a6ab4556cbbfe9ef535bbf7e
  languageName: node
  linkType: hard

"data-urls@npm:^7.0.0":
  version: 7.0.0
  resolution: "data-urls@npm:7.0.0"
  dependencies:
    whatwg-mimetype: "npm:^5.0.0"
    whatwg-url: "npm:^16.0.0"
  checksum: 10c0/08d88ef50d8966a070ffdaa703e1e4b29f01bb2da364dfbc1612b1c2a4caa8045802c9532d81347b21781100132addb36a585071c8323b12cce97973961dee9f
  languageName: node
  linkType: hard

"decimal.js@npm:^10.6.0":
  version: 10.6.0
  resolution: "decimal.js@npm:10.6.0"
  checksum: 10c0/07d69fbcc54167a340d2d97de95f546f9ff1f69d2b45a02fd7a5292412df3cd9eb7e23065e532a318f5474a2e1bccf8392fdf0443ef467f97f3bf8cb0477e5aa
  languageName: node
  linkType: hard

"entities@npm:^8.0.0":
  version: 8.0.0
  resolution: "entities@npm:8.0.0"
  checksum: 10c0/938e631664c19451823344a351aeeafd74fae2d5fa51e4d5b6ff635afaefd4bacf0f609989888c04c42733f46ffdac15211608267ebb02488005891a4793e94d
  languageName: node
  linkType: hard

"html-encoding-sniffer@npm:^6.0.0":
  version: 6.0.0
  resolution: "html-encoding-sniffer@npm:6.0.0"
  dependencies:
    "@exodus/bytes": "npm:^1.6.0"
  checksum: 10c0/66dc3f6f5539cc3beb814fcbfae7eacf4ec38cf824d6e1425b72039b51a40f4456bd8541ba66f4f4fe09cdf885ab5cd5bae6ec6339d6895a930b2fdb83c53025
  languageName: node
  linkType: hard

"is-potential-custom-element-name@npm:^1.0.1":
  version: 1.0.1
  resolution: "is-potential-custom-element-name@npm:1.0.1"
  checksum: 10c0/b73e2f22bc863b0939941d369486d308b43d7aef1f9439705e3582bfccaa4516406865e32c968a35f97a99396dac84e2624e67b0a16b0a15086a785e16ce7db9
  languageName: node
  linkType: hard

"jsdom@npm:30.0.0":
  version: 30.0.0
  resolution: "jsdom@npm:30.0.0"
  dependencies:
    "@asamuzakjp/css-color": "npm:^6.0.5"
    "@asamuzakjp/dom-selector": "npm:^8.2.5"
    "@bramus/specificity": "npm:^2.4.2"
    "@csstools/css-syntax-patches-for-csstree": "npm:^1.1.6"
    "@exodus/bytes": "npm:^1.15.1"
    css-tree: "npm:^3.2.1"
    data-urls: "npm:^7.0.0"
    decimal.js: "npm:^10.6.0"
    html-encoding-sniffer: "npm:^6.0.0"
    is-potential-custom-element-name: "npm:^1.0.1"
    lru-cache: "npm:^11.5.2"
    parse5: "npm:^8.0.1"
    saxes: "npm:^6.0.0"
    symbol-tree: "npm:^3.2.4"
    tough-cookie: "npm:^6.0.2"
    undici: "npm:^8.7.0"
    w3c-xmlserializer: "npm:^5.0.0"
    webidl-conversions: "npm:^8.0.1"
    whatwg-mimetype: "npm:^5.0.0"
    whatwg-url: "npm:^17.1.0"
    xml-name-validator: "npm:^5.0.0"
  peerDependencies:
    canvas: ^3.2.3
  peerDependenciesMeta:
    canvas:
      optional: true
  checksum: 10c0/4de89494f817326f9990c8ba830c7bd3bbe83fb50d27b97e63cc2f640d9d18c602acd2d6bfcca846f56d10e1a74e90606c304755b9cd065f298b760f40e2a3a8
  languageName: node
  linkType: hard

"lru-cache@npm:^11.5.2":
  version: 11.5.2
  resolution: "lru-cache@npm:11.5.2"
  checksum: 10c0/ece1ad731f5b655e85d67047d04bfc13823dc77aa61c5454924a9869ba600a0104e39cc33d726021feef812bc347ca34a5608a5eb1972a5dd0870b7ecd42c3f2
  languageName: node
  linkType: hard

"lssd@workspace:.":
  version: 0.0.0-use.local
  resolution: "lssd@workspace:."
  dependencies:
    jsdom: "npm:30.0.0"
    prettier: "npm:^3.9.6"
  languageName: unknown
  linkType: soft

"mdn-data@npm:2.27.1":
  version: 2.27.1
  resolution: "mdn-data@npm:2.27.1"
  checksum: 10c0/eb8abf5d22e4d1e090346f5e81b67d23cef14c83940e445da5c44541ad874dc8fb9f6ca236e8258c3a489d9fb5884188a4d7d58773adb9089ac2c0b966796393
  languageName: node
  linkType: hard

"parse5@npm:^8.0.1":
  version: 8.0.1
  resolution: "parse5@npm:8.0.1"
  dependencies:
    entities: "npm:^8.0.0"
  checksum: 10c0/c3c1c5aab55f6e4be5245599790e56e64be7764a4a0edd7f98db4fe3bb380f63add752fa047dff0496446c25f4104f0c7c1967723de640bde92306a7bb67ed2f
  languageName: node
  linkType: hard

"prettier@npm:^3.9.6":
  version: 3.9.6
  resolution: "prettier@npm:3.9.6"
  bin:
    prettier: bin/prettier.cjs
  checksum: 10c0/9f7ddae234035868f3daab3dc34e6de7e54622185afb017378029f0c09a9c023248ccf6f34def0b17a0538e18c47aa1b3188bab72965d1bf735919baa0747e99
  languageName: node
  linkType: hard

"punycode@npm:^2.3.1":
  version: 2.3.1
  resolution: "punycode@npm:2.3.1"
  checksum: 10c0/14f76a8206bc3464f794fb2e3d3cc665ae416c01893ad7a02b23766eb07159144ee612ad67af5e84fa4479ccfe67678c4feb126b0485651b302babf66f04f9e9
  languageName: node
  linkType: hard

"require-from-string@npm:^2.0.2":
  version: 2.0.2
  resolution: "require-from-string@npm:2.0.2"
  checksum: 10c0/aaa267e0c5b022fc5fd4eef49d8285086b15f2a1c54b28240fdf03599cbd9c26049fee3eab894f2e1f6ca65e513b030a7c264201e3f005601e80c49fb2937ce2
  languageName: node
  linkType: hard

"saxes@npm:^6.0.0":
  version: 6.0.0
  resolution: "saxes@npm:6.0.0"
  dependencies:
    xmlchars: "npm:^2.2.0"
  checksum: 10c0/3847b839f060ef3476eb8623d099aa502ad658f5c40fd60c105ebce86d244389b0d76fcae30f4d0c728d7705ceb2f7e9b34bb54717b6a7dbedaf5dad2d9a4b74
  languageName: node
  linkType: hard

"source-map-js@npm:^1.2.1":
  version: 1.2.1
  resolution: "source-map-js@npm:1.2.1"
  checksum: 10c0/7bda1fc4c197e3c6ff17de1b8b2c20e60af81b63a52cb32ec5a5d67a20a7d42651e2cb34ebe93833c5a2a084377e17455854fee3e21e7925c64a51b6a52b0faf
  languageName: node
  linkType: hard

"symbol-tree@npm:^3.2.4":
  version: 3.2.4
  resolution: "symbol-tree@npm:3.2.4"
  checksum: 10c0/dfbe201ae09ac6053d163578778c53aa860a784147ecf95705de0cd23f42c851e1be7889241495e95c37cabb058edb1052f141387bef68f705afc8f9dd358509
  languageName: node
  linkType: hard

"tldts-core@npm:^7.0.28":
  version: 7.0.28
  resolution: "tldts-core@npm:7.0.28"
  checksum: 10c0/1fde2a2806c758d13c7eb2bd285a9482bf905829b38c060d66127e9e0682a103c42e181509f0d3c6da046e9aa2f71fe9d61afadb1b85a6b6c557cb98d6b7dede
  languageName: node
  linkType: hard

"tldts@npm:^7.0.5":
  version: 7.0.28
  resolution: "tldts@npm:7.0.28"
  dependencies:
    tldts-core: "npm:^7.0.28"
  bin:
    tldts: bin/cli.js
  checksum: 10c0/37f92481bc7276f60f06d93d2671a67fd94dc8e245c232a50c69b8704d34c908658968f7298810e1b4df68a84be9ff6248867981d1cc7ddb08755565edd3f496
  languageName: node
  linkType: hard

"tough-cookie@npm:^6.0.2":
  version: 6.0.2
  resolution: "tough-cookie@npm:6.0.2"
  dependencies:
    tldts: "npm:^7.0.5"
  checksum: 10c0/5ff521a476a3c540821352125a5d481c8d2fe16035de7e0efda4df120f290c95500a0e9b51ea0aa56343955be482e014c30f5ba73e04b93ba138e4e855cb9e89
  languageName: node
  linkType: hard

"tr46@npm:^6.0.0":
  version: 6.0.0
  resolution: "tr46@npm:6.0.0"
  dependencies:
    punycode: "npm:^2.3.1"
  checksum: 10c0/83130df2f649228aa91c17754b66248030a3af34911d713b5ea417066fa338aa4bc8668d06bd98aa21a2210f43fc0a3db8b9099e7747fb5830e40e39a6a1058e
  languageName: node
  linkType: hard

"undici@npm:^8.7.0":
  version: 8.9.0
  resolution: "undici@npm:8.9.0"
  checksum: 10c0/e3d9fa35a9aa8360d9f56e66bd372f451ee053e25066a97fd9fab3816267035660f67870c6d709a58a5411551657af78c4475be5b31c113b04f70251309900d0
  languageName: node
  linkType: hard

"w3c-xmlserializer@npm:^5.0.0":
  version: 5.0.0
  resolution: "w3c-xmlserializer@npm:5.0.0"
  dependencies:
    xml-name-validator: "npm:^5.0.0"
  checksum: 10c0/8712774c1aeb62dec22928bf1cdfd11426c2c9383a1a63f2bcae18db87ca574165a0fbe96b312b73652149167ac6c7f4cf5409f2eb101d9c805efe0e4bae798b
  languageName: node
  linkType: hard

"webidl-conversions@npm:^8.0.1":
  version: 8.0.1
  resolution: "webidl-conversions@npm:8.0.1"
  checksum: 10c0/3f6f327ca5fa0c065ed8ed0ef3b72f33623376e68f958e9b7bd0df49fdb0b908139ac2338d19fb45bd0e05595bda96cb6d1622222a8b413daa38a17aacc4dd46
  languageName: node
  linkType: hard

"whatwg-mimetype@npm:^5.0.0":
  version: 5.0.0
  resolution: "whatwg-mimetype@npm:5.0.0"
  checksum: 10c0/eead164fe73a00dd82f817af6fc0bd22e9c273e1d55bf4bc6bdf2da7ad8127fca82ef00ea6a37892f5f5641f8e34128e09508f92126086baba126b9e0d57feb4
  languageName: node
  linkType: hard

"whatwg-url@npm:^16.0.0":
  version: 16.0.1
  resolution: "whatwg-url@npm:16.0.1"
  dependencies:
    "@exodus/bytes": "npm:^1.11.0"
    tr46: "npm:^6.0.0"
    webidl-conversions: "npm:^8.0.1"
  checksum: 10c0/e75565566abf3a2cdbd9f06c965dbcccee6ec4e9f0d3728ad5e08ceb9944279848bcaa211d35a29cb6d2df1e467dd05cfb59fbddf8a0adcd7d0bce9ffb703fd2
  languageName: node
  linkType: hard

"whatwg-url@npm:^17.1.0":
  version: 17.1.0
  resolution: "whatwg-url@npm:17.1.0"
  dependencies:
    "@exodus/bytes": "npm:^1.15.1"
    tr46: "npm:^6.0.0"
    webidl-conversions: "npm:^8.0.1"
  checksum: 10c0/08fe809e90e1d20f6de631c9cdf312623fe5526731dc176ad38967c7d0f34e6e9700cbc0bad5ecd3d5ea8c62737a487883948e85937432f3a598746d8e05e80e
  languageName: node
  linkType: hard

"xml-name-validator@npm:^5.0.0":
  version: 5.0.0
  resolution: "xml-name-validator@npm:5.0.0"
  checksum: 10c0/3fcf44e7b73fb18be917fdd4ccffff3639373c7cb83f8fc35df6001fecba7942f1dbead29d91ebb8315e2f2ff786b508f0c9dc0215b6353f9983c6b7d62cb1f5
  languageName: node
  linkType: hard

"xmlchars@npm:^2.2.0":
  version: 2.2.0
  resolution: "xmlchars@npm:2.2.0"
  checksum: 10c0/b64b535861a6f310c5d9bfa10834cf49127c71922c297da9d4d1b45eeaae40bf9b4363275876088fbe2667e5db028d2cd4f8ee72eed9bede840a67d57dab7593
  languageName: node
  linkType: hard
